
Microsoft Visual Studio Solution File, Format Version 12.00
# Visual Studio 15
VisualStudioVersion = 15.0.28307.852
MinimumVisualStudioVersion = 10.0.40219.1
Project("{FAE04EC0-301F-11D3-BF4B-00C04F79EFBC}") = "SatteliteDesktop", "SatteliteDesktop\SatteliteDesktop.csproj", "{564E36AB-6A0D-4704-B2CE-7114B07D33E8}"
EndProject
Global
	GlobalSection(SolutionConfigurationPlatforms) = preSolution
		Debug|Any CPU = Debug|Any CPU
		Release|Any CPU = Release|Any CPU
	EndGlobalSection
	GlobalSection(ProjectConfigurationPlatforms) = postSolution
		{564E36AB-6A0D-4704-B2CE-7114B07D33E8}.Debug|Any CPU.ActiveCfg = Debug|Any CPU
		{564E36AB-6A0D-4704-B2CE-7114B07D33E8}.Debug|Any CPU.Build.0 = Debug|Any CPU
		{564E36AB-6A0D-4704-B2CE-7114B07D33E8}.Release|Any CPU.ActiveCfg = Release|Any CPU
		{564E36AB-6A0D-4704-B2CE-7114B07D33E8}.Release|Any CPU.Build.0 = Release|Any CPU
	EndGlobalSection
	GlobalSection(SolutionProperties) = preSolution
		HideSolutionNode = FALSE
	EndGlobalSection
	GlobalSection(ExtensibilityGlobals) = postSolution
		SolutionGuid = {78E0511D-E101-4A12-8501-F7920488C7B0}
	EndGlobalSection
EndGlobal
